
Microsoft Visual Studio Solution File, Format Version 12.00
# Visual Studio Version 17
VisualStudioVersion = 17.8.34408.163
MinimumVisualStudioVersion = 10.0.40219.1
Project("{FAE04EC0-301F-11D3-BF4B-00C04F79EFBC}") = "modul6_1302223054", "modul6_1302223054\modul6_1302223054.csproj", "{780EA46C-8235-45B4-858F-E79398423ADD}"
EndProject
Global
	GlobalSection(SolutionConfigurationPlatforms) = preSolution
		Debug|Any CPU = Debug|Any CPU
		Release|Any CPU = Release|Any CPU
	EndGlobalSection
	GlobalSection(ProjectConfigurationPlatforms) = postSolution
		{780EA46C-8235-45B4-858F-E79398423ADD}.Debug|Any CPU.ActiveCfg = Debug|Any CPU
		{780EA46C-8235-45B4-858F-E79398423ADD}.Debug|Any CPU.Build.0 = Debug|Any CPU
		{780EA46C-8235-45B4-858F-E79398423ADD}.Release|Any CPU.ActiveCfg = Release|Any CPU
		{780EA46C-8235-45B4-858F-E79398423ADD}.Release|Any CPU.Build.0 = Release|Any CPU
	EndGlobalSection
	GlobalSection(SolutionProperties) = preSolution
		HideSolutionNode = FALSE
	EndGlobalSection
	GlobalSection(ExtensibilityGlobals) = postSolution
		SolutionGuid = {3ED39C5F-5372-4854-A9C5-F913536D5646}
	EndGlobalSection
EndGlobal
